{
  "name": "react-native-fast-crypto",
  "version": "1.0.0",
  "lockfileVersion": 1,
  "dependencies": {
    "rfc4648": {
      "version": "1.0.0",
      "resolved": "https://registry.npmjs.org/rfc4648/-/rfc4648-1.0.0.tgz",
      "integrity": "sha512-iYXd6uR0TX7zjEOM7FOQPmCXbWYQRR4S9qxB3fgdVfqcBpygdEey/m8veh6AGeY+5z4Xi+HOqCx3dewu0smKQA=="
    }
  }
}
