// !$*UTF8*$!
{
	archiveVersion = 1;
	classes = {
	};
	objectVersion = 46;
	objects = {

/* Begin PBXBuildFile section */
		B3E7B58A1CC2AC0600A0062D /* RNFastCrypto.m in Sources */ = {isa = PBXBuildFile; fileRef = B3E7B5891CC2AC0600A0062D /* RNFastCrypto.m */; };
		DA9922AD2069DF110094B357 /* libboost_system.a in Frameworks */ = {isa = PBXBuildFile; fileRef = DA9922A32069DF100094B357 /* libboost_system.a */; };
		DA9922AE2069DF110094B357 /* libboost_thread.a in Frameworks */ = {isa = PBXBuildFile; fileRef = DA9922A42069DF100094B357 /* libboost_thread.a */; };
		DA9922AF2069DF110094B357 /* libboost_program_options.a in Frameworks */ = {isa = PBXBuildFile; fileRef = DA9922A52069DF100094B357 /* libboost_program_options.a */; };
		DA9922B02069DF110094B357 /* libboost_date_time.a in Frameworks */ = {isa = PBXBuildFile; fileRef = DA9922A62069DF100094B357 /* libboost_date_time.a */; };
		DA9922B12069DF110094B357 /* libbitcoin.a in Frameworks */ = {isa = PBXBuildFile; fileRef = DA9922A72069DF100094B357 /* libbitcoin.a */; };
		DA9922B22069DF110094B357 /* libboost_chrono.a in Frameworks */ = {isa = PBXBuildFile; fileRef = DA9922A82069DF100094B357 /* libboost_chrono.a */; };
		DA9922B32069DF110094B357 /* libboost_filesystem.a in Frameworks */ = {isa = PBXBuildFile; fileRef = DA9922A92069DF100094B357 /* libboost_filesystem.a */; };
		DA9922B42069DF110094B357 /* libboost_regex.a in Frameworks */ = {isa = PBXBuildFile; fileRef = DA9922AA2069DF100094B357 /* libboost_regex.a */; };
		DA9922B52069DF110094B357 /* libjansson.a in Frameworks */ = {isa = PBXBuildFile; fileRef = DA9922AB2069DF100094B357 /* libjansson.a */; };
		DA9922B62069DF110094B357 /* libboost_atomic.a in Frameworks */ = {isa = PBXBuildFile; fileRef = DA9922AC2069DF100094B357 /* libboost_atomic.a */; };
		DAE53E701F0E150F00E466B0 /* libcrypto.a in Frameworks */ = {isa = PBXBuildFile; fileRef = DAE53E6B1F0E150F00E466B0 /* libcrypto.a */; };
		DAE53E711F0E150F00E466B0 /* libnativecrypto.a in Frameworks */ = {isa = PBXBuildFile; fileRef = DAE53E6C1F0E150F00E466B0 /* libnativecrypto.a */; };
		DAE53E721F0E150F00E466B0 /* libsecp256k1.a in Frameworks */ = {isa = PBXBuildFile; fileRef = DAE53E6D1F0E150F00E466B0 /* libsecp256k1.a */; };
		DAE53E731F0E150F00E466B0 /* libssl.a in Frameworks */ = {isa = PBXBuildFile; fileRef = DAE53E6E1F0E150F00E466B0 /* libssl.a */; };
		DAE53E741F0E150F00E466B0 /* libz.a in Frameworks */ = {isa = PBXBuildFile; fileRef = DAE53E6F1F0E150F00E466B0 /* libz.a */; };
/* End PBXBuildFile section */

/* Begin PBXCopyFilesBuildPhase section */
		58B511D91A9E6C8500147676 /* CopyFiles */ = {
			isa = PBXCopyFilesBuildPhase;
			buildActionMask = 2147483647;
			dstPath = "include/$(PRODUCT_NAME)";
			dstSubfolderSpec = 16;
			files = (
			);
			runOnlyForDeploymentPostprocessing = 0;
		};
/* End PBXCopyFilesBuildPhase section */

/* Begin PBXFileReference section */
		134814201AA4EA6300B7C361 /* libRNFastCrypto.a */ = {isa = PBXFileReference; explicitFileType = archive.ar; includeInIndex = 0; path = libRNFastCrypto.a; sourceTree = BUILT_PRODUCTS_DIR; };
		B3E7B5881CC2AC0600A0062D /* RNFastCrypto.h */ = {isa = PBXFileReference; fileEncoding = 4; lastKnownFileType = sourcecode.c.h; path = RNFastCrypto.h; sourceTree = "<group>"; };
		B3E7B5891CC2AC0600A0062D /* RNFastCrypto.m */ = {isa = PBXFileReference; fileEncoding = 4; lastKnownFileType = sourcecode.c.objc; path = RNFastCrypto.m; sourceTree = "<group>"; };
		DA9922A32069DF100094B357 /* libboost_system.a */ = {isa = PBXFileReference; lastKnownFileType = archive.ar; name = libboost_system.a; path = Libraries/libboost_system.a; sourceTree = "<group>"; };
		DA9922A42069DF100094B357 /* libboost_thread.a */ = {isa = PBXFileReference; lastKnownFileType = archive.ar; name = libboost_thread.a; path = Libraries/libboost_thread.a; sourceTree = "<group>"; };
		DA9922A52069DF100094B357 /* libboost_program_options.a */ = {isa = PBXFileReference; lastKnownFileType = archive.ar; name = libboost_program_options.a; path = Libraries/libboost_program_options.a; sourceTree = "<group>"; };
		DA9922A62069DF100094B357 /* libboost_date_time.a */ = {isa = PBXFileReference; lastKnownFileType = archive.ar; name = libboost_date_time.a; path = Libraries/libboost_date_time.a; sourceTree = "<group>"; };
		DA9922A72069DF100094B357 /* libbitcoin.a */ = {isa = PBXFileReference; lastKnownFileType = archive.ar; name = libbitcoin.a; path = Libraries/libbitcoin.a; sourceTree = "<group>"; };
		DA9922A82069DF100094B357 /* libboost_chrono.a */ = {isa = PBXFileReference; lastKnownFileType = archive.ar; name = libboost_chrono.a; path = Libraries/libboost_chrono.a; sourceTree = "<group>"; };
		DA9922A92069DF100094B357 /* libboost_filesystem.a */ = {isa = PBXFileReference; lastKnownFileType = archive.ar; name = libboost_filesystem.a; path = Libraries/libboost_filesystem.a; sourceTree = "<group>"; };
		DA9922AA2069DF100094B357 /* libboost_regex.a */ = {isa = PBXFileReference; lastKnownFileType = archive.ar; name = libboost_regex.a; path = Libraries/libboost_regex.a; sourceTree = "<group>"; };
		DA9922AB2069DF100094B357 /* libjansson.a */ = {isa = PBXFileReference; lastKnownFileType = archive.ar; name = libjansson.a; path = Libraries/libjansson.a; sourceTree = "<group>"; };
		DA9922AC2069DF100094B357 /* libboost_atomic.a */ = {isa = PBXFileReference; lastKnownFileType = archive.ar; name = libboost_atomic.a; path = Libraries/libboost_atomic.a; sourceTree = "<group>"; };
		DAE53E6B1F0E150F00E466B0 /* libcrypto.a */ = {isa = PBXFileReference; lastKnownFileType = archive.ar; name = libcrypto.a; path = Libraries/libcrypto.a; sourceTree = "<group>"; };
		DAE53E6C1F0E150F00E466B0 /* libnativecrypto.a */ = {isa = PBXFileReference; lastKnownFileType = archive.ar; name = libnativecrypto.a; path = Libraries/libnativecrypto.a; sourceTree = "<group>"; };
		DAE53E6D1F0E150F00E466B0 /* libsecp256k1.a */ = {isa = PBXFileReference; lastKnownFileType = archive.ar; name = libsecp256k1.a; path = Libraries/libsecp256k1.a; sourceTree = "<group>"; };
		DAE53E6E1F0E150F00E466B0 /* libssl.a */ = {isa = PBXFileReference; lastKnownFileType = archive.ar; name = libssl.a; path = Libraries/libssl.a; sourceTree = "<group>"; };
		DAE53E6F1F0E150F00E466B0 /* libz.a */ = {isa = PBXFileReference; lastKnownFileType = archive.ar; name = libz.a; path = Libraries/libz.a; sourceTree = "<group>"; };
		DAE53E761F0E153B00E466B0 /* native-crypto.h */ = {isa = PBXFileReference; fileEncoding = 4; lastKnownFileType = sourcecode.c.h; name = "native-crypto.h"; path = "Headers/native-crypto.h"; sourceTree = "<group>"; };
/* End PBXFileReference section */

/* Begin PBXFrameworksBuildPhase section */
		58B511D81A9E6C8500147676 /* Frameworks */ = {
			isa = PBXFrameworksBuildPhase;
			buildActionMask = 2147483647;
			files = (
				DA9922AD2069DF110094B357 /* libboost_system.a in Frameworks */,
				DA9922B42069DF110094B357 /* libboost_regex.a in Frameworks */,
				DA9922AF2069DF110094B357 /* libboost_program_options.a in Frameworks */,
				DA9922B62069DF110094B357 /* libboost_atomic.a in Frameworks */,
				DA9922B32069DF110094B357 /* libboost_filesystem.a in Frameworks */,
				DAE53E741F0E150F00E466B0 /* libz.a in Frameworks */,
				DA9922B02069DF110094B357 /* libboost_date_time.a in Frameworks */,
				DAE53E731F0E150F00E466B0 /* libssl.a in Frameworks */,
				DA9922B22069DF110094B357 /* libboost_chrono.a in Frameworks */,
				DAE53E701F0E150F00E466B0 /* libcrypto.a in Frameworks */,
				DA9922B12069DF110094B357 /* libbitcoin.a in Frameworks */,
				DA9922B52069DF110094B357 /* libjansson.a in Frameworks */,
				DA9922AE2069DF110094B357 /* libboost_thread.a in Frameworks */,
				DAE53E711F0E150F00E466B0 /* libnativecrypto.a in Frameworks */,
				DAE53E721F0E150F00E466B0 /* libsecp256k1.a in Frameworks */,
			);
			runOnlyForDeploymentPostprocessing = 0;
		};
/* End PBXFrameworksBuildPhase section */

/* Begin PBXGroup section */
		134814211AA4EA7D00B7C361 /* Products */ = {
			isa = PBXGroup;
			children = (
				134814201AA4EA6300B7C361 /* libRNFastCrypto.a */,
			);
			name = Products;
			sourceTree = "<group>";
		};
		58B511D21A9E6C8500147676 = {
			isa = PBXGroup;
			children = (
				DAE53E751F0E152200E466B0 /* Headers */,
				DAE53E6A1F0E14FB00E466B0 /* Libraries */,
				B3E7B5881CC2AC0600A0062D /* RNFastCrypto.h */,
				B3E7B5891CC2AC0600A0062D /* RNFastCrypto.m */,
				134814211AA4EA7D00B7C361 /* Products */,
			);
			sourceTree = "<group>";
		};
		DAE53E6A1F0E14FB00E466B0 /* Libraries */ = {
			isa = PBXGroup;
			children = (
				DA9922A72069DF100094B357 /* libbitcoin.a */,
				DA9922AC2069DF100094B357 /* libboost_atomic.a */,
				DA9922A82069DF100094B357 /* libboost_chrono.a */,
				DA9922A62069DF100094B357 /* libboost_date_time.a */,
				DA9922A92069DF100094B357 /* libboost_filesystem.a */,
				DA9922A52069DF100094B357 /* libboost_program_options.a */,
				DA9922AA2069DF100094B357 /* libboost_regex.a */,
				DA9922A32069DF100094B357 /* libboost_system.a */,
				DA9922A42069DF100094B357 /* libboost_thread.a */,
				DA9922AB2069DF100094B357 /* libjansson.a */,
				DAE53E6B1F0E150F00E466B0 /* libcrypto.a */,
				DAE53E6C1F0E150F00E466B0 /* libnativecrypto.a */,
				DAE53E6D1F0E150F00E466B0 /* libsecp256k1.a */,
				DAE53E6E1F0E150F00E466B0 /* libssl.a */,
				DAE53E6F1F0E150F00E466B0 /* libz.a */,
			);
			name = Libraries;
			sourceTree = "<group>";
		};
		DAE53E751F0E152200E466B0 /* Headers */ = {
			isa = PBXGroup;
			children = (
				DAE53E761F0E153B00E466B0 /* native-crypto.h */,
			);
			name = Headers;
			sourceTree = "<group>";
		};
/* End PBXGroup section */

/* Begin PBXNativeTarget section */
		58B511DA1A9E6C8500147676 /* RNFastCrypto */ = {
			isa = PBXNativeTarget;
			buildConfigurationList = 58B511EF1A9E6C8500147676 /* Build configuration list for PBXNativeTarget "RNFastCrypto" */;
			buildPhases = (
				58B511D71A9E6C8500147676 /* Sources */,
				58B511D81A9E6C8500147676 /* Frameworks */,
				58B511D91A9E6C8500147676 /* CopyFiles */,
			);
			buildRules = (
			);
			dependencies = (
			);
			name = RNFastCrypto;
			productName = RCTDataManager;
			productReference = 134814201AA4EA6300B7C361 /* libRNFastCrypto.a */;
			productType = "com.apple.product-type.library.static";
		};
/* End PBXNativeTarget section */

/* Begin PBXProject section */
		58B511D31A9E6C8500147676 /* Project object */ = {
			isa = PBXProject;
			attributes = {
				LastUpgradeCheck = 0610;
				ORGANIZATIONNAME = Facebook;
				TargetAttributes = {
					58B511DA1A9E6C8500147676 = {
						CreatedOnToolsVersion = 6.1.1;
					};
				};
			};
			buildConfigurationList = 58B511D61A9E6C8500147676 /* Build configuration list for PBXProject "RNFastCrypto" */;
			compatibilityVersion = "Xcode 3.2";
			developmentRegion = English;
			hasScannedForEncodings = 0;
			knownRegions = (
				en,
			);
			mainGroup = 58B511D21A9E6C8500147676;
			productRefGroup = 58B511D21A9E6C8500147676;
			projectDirPath = "";
			projectRoot = "";
			targets = (
				58B511DA1A9E6C8500147676 /* RNFastCrypto */,
			);
		};
/* End PBXProject section */

/* Begin PBXSourcesBuildPhase section */
		58B511D71A9E6C8500147676 /* Sources */ = {
			isa = PBXSourcesBuildPhase;
			buildActionMask = 2147483647;
			files = (
				B3E7B58A1CC2AC0600A0062D /* RNFastCrypto.m in Sources */,
			);
			runOnlyForDeploymentPostprocessing = 0;
		};
/* End PBXSourcesBuildPhase section */

/* Begin XCBuildConfiguration section */
		58B511ED1A9E6C8500147676 /* Debug */ = {
			isa = XCBuildConfiguration;
			buildSettings = {
				ALWAYS_SEARCH_USER_PATHS = NO;
				CLANG_CXX_LANGUAGE_STANDARD = "gnu++0x";
				CLANG_CXX_LIBRARY = "libc++";
				CLANG_ENABLE_MODULES = YES;
				CLANG_ENABLE_OBJC_ARC = YES;
				CLANG_WARN_BOOL_CONVERSION = YES;
				CLANG_WARN_CONSTANT_CONVERSION = YES;
				CLANG_WARN_DIRECT_OBJC_ISA_USAGE = YES_ERROR;
				CLANG_WARN_EMPTY_BODY = YES;
				CLANG_WARN_ENUM_CONVERSION = YES;
				CLANG_WARN_INT_CONVERSION = YES;
				CLANG_WARN_OBJC_ROOT_CLASS = YES_ERROR;
				CLANG_WARN_UNREACHABLE_CODE = YES;
				CLANG_WARN__DUPLICATE_METHOD_MATCH = YES;
				COPY_PHASE_STRIP = NO;
				ENABLE_STRICT_OBJC_MSGSEND = YES;
				GCC_C_LANGUAGE_STANDARD = gnu99;
				GCC_DYNAMIC_NO_PIC = NO;
				GCC_OPTIMIZATION_LEVEL = 0;
				GCC_PREPROCESSOR_DEFINITIONS = (
					"DEBUG=1",
					"$(inherited)",
				);
				GCC_SYMBOLS_PRIVATE_EXTERN = NO;
				GCC_WARN_64_TO_32_BIT_CONVERSION = YES;
				GCC_WARN_ABOUT_RETURN_TYPE = YES_ERROR;
				GCC_WARN_UNDECLARED_SELECTOR = YES;
				GCC_WARN_UNINITIALIZED_AUTOS = YES_AGGRESSIVE;
				GCC_WARN_UNUSED_FUNCTION = YES;
				GCC_WARN_UNUSED_VARIABLE = YES;
				HEADER_SEARCH_PATHS = Headers/;
				IPHONEOS_DEPLOYMENT_TARGET = 7.0;
				MTL_ENABLE_DEBUG_INFO = YES;
				ONLY_ACTIVE_ARCH = YES;
				SDKROOT = iphoneos;
			};
			name = Debug;
		};
		58B511EE1A9E6C8500147676 /* Release */ = {
			isa = XCBuildConfiguration;
			buildSettings = {
				ALWAYS_SEARCH_USER_PATHS = NO;
				CLANG_CXX_LANGUAGE_STANDARD = "gnu++0x";
				CLANG_CXX_LIBRARY = "libc++";
				CLANG_ENABLE_MODULES = YES;
				CLANG_ENABLE_OBJC_ARC = YES;
				CLANG_WARN_BOOL_CONVERSION = YES;
				CLANG_WARN_CONSTANT_CONVERSION = YES;
				CLANG_WARN_DIRECT_OBJC_ISA_USAGE = YES_ERROR;
				CLANG_WARN_EMPTY_BODY = YES;
				CLANG_WARN_ENUM_CONVERSION = YES;
				CLANG_WARN_INT_CONVERSION = YES;
				CLANG_WARN_OBJC_ROOT_CLASS = YES_ERROR;
				CLANG_WARN_UNREACHABLE_CODE = YES;
				CLANG_WARN__DUPLICATE_METHOD_MATCH = YES;
				COPY_PHASE_STRIP = YES;
				ENABLE_NS_ASSERTIONS = NO;
				ENABLE_STRICT_OBJC_MSGSEND = YES;
				GCC_C_LANGUAGE_STANDARD = gnu99;
				GCC_WARN_64_TO_32_BIT_CONVERSION = YES;
				GCC_WARN_ABOUT_RETURN_TYPE = YES_ERROR;
				GCC_WARN_UNDECLARED_SELECTOR = YES;
				GCC_WARN_UNINITIALIZED_AUTOS = YES_AGGRESSIVE;
				GCC_WARN_UNUSED_FUNCTION = YES;
				GCC_WARN_UNUSED_VARIABLE = YES;
				HEADER_SEARCH_PATHS = Headers/;
				IPHONEOS_DEPLOYMENT_TARGET = 7.0;
				MTL_ENABLE_DEBUG_INFO = NO;
				SDKROOT = iphoneos;
				VALIDATE_PRODUCT = YES;
			};
			name = Release;
		};
		58B511F01A9E6C8500147676 /* Debug */ = {
			isa = XCBuildConfiguration;
			buildSettings = {
				HEADER_SEARCH_PATHS = (
					"$(inherited)",
					/Applications/Xcode.app/Contents/Developer/Toolchains/XcodeDefault.xctoolchain/usr/include,
					"$(SRCROOT)/../../react-native/Libraries/**",
					"$(SRCROOT)/../../react-native/React/**",
					"$(SRCROOT)/../../../react-native/React/**",
				);
				LIBRARY_SEARCH_PATHS = (
					"$(inherited)",
					"$(PROJECT_DIR)/Libraries",
				);
				OTHER_LDFLAGS = "-ObjC";
				PRODUCT_NAME = RNFastCrypto;
				SKIP_INSTALL = YES;
			};
			name = Debug;
		};
		58B511F11A9E6C8500147676 /* Release */ = {
			isa = XCBuildConfiguration;
			buildSettings = {
				HEADER_SEARCH_PATHS = (
					"$(inherited)",
					/Applications/Xcode.app/Contents/Developer/Toolchains/XcodeDefault.xctoolchain/usr/include,
					"$(SRCROOT)/../../react-native/Libraries/**",
					"$(SRCROOT)/../../react-native/React/**",
					"$(SRCROOT)/../../../react-native/React",
				);
				LIBRARY_SEARCH_PATHS = (
					"$(inherited)",
					"$(PROJECT_DIR)/Libraries",
				);
				OTHER_LDFLAGS = "-ObjC";
				PRODUCT_NAME = RNFastCrypto;
				SKIP_INSTALL = YES;
			};
			name = Release;
		};
/* End XCBuildConfiguration section */

/* Begin XCConfigurationList section */
		58B511D61A9E6C8500147676 /* Build configuration list for PBXProject "RNFastCrypto" */ = {
			isa = XCConfigurationList;
			buildConfigurations = (
				58B511ED1A9E6C8500147676 /* Debug */,
				58B511EE1A9E6C8500147676 /* Release */,
			);
			defaultConfigurationIsVisible = 0;
			defaultConfigurationName = Release;
		};
		58B511EF1A9E6C8500147676 /* Build configuration list for PBXNativeTarget "RNFastCrypto" */ = {
			isa = XCConfigurationList;
			buildConfigurations = (
				58B511F01A9E6C8500147676 /* Debug */,
				58B511F11A9E6C8500147676 /* Release */,
			);
			defaultConfigurationIsVisible = 0;
			defaultConfigurationName = Release;
		};
/* End XCConfigurationList section */
	};
	rootObject = 58B511D31A9E6C8500147676 /* Project object */;
}
